
Microsoft Visual Studio Solution File, Format Version 12.00
# Visual Studio Version 16
VisualStudioVersion = 16.0.29613.14
MinimumVisualStudioVersion = 10.0.40219.1
Project("{FAE04EC0-301F-11D3-BF4B-00C04F79EFBC}") = "WebApiTest", "WebApiTest\WebApiTest.csproj", "{3CEF83E0-5F8E-4E93-A971-63CA0964BB3C}"
EndProject
Project("{FAE04EC0-301F-11D3-BF4B-00C04F79EFBC}") = "Common", "Common\Common.csproj", "{A1FDB84F-BE17-43C4-B413-66F8C3A0104F}"
EndProject
Project("{FAE04EC0-301F-11D3-BF4B-00C04F79EFBC}") = "Model", "Model\Model.csproj", "{063333DF-C03E-4703-A858-92494D431450}"
EndProject
Project("{FAE04EC0-301F-11D3-BF4B-00C04F79EFBC}") = "BLL", "BLL\BLL.csproj", "{8B2FE372-E9E9-4550-B0AA-008109BB1D1C}"
EndProject
Project("{FAE04EC0-301F-11D3-BF4B-00C04F79EFBC}") = "DAL", "DAL\DAL.csproj", "{11EEA217-1B2F-45DA-A7F6-A46BCF2D974E}"
EndProject
Global
	GlobalSection(SolutionConfigurationPlatforms) = preSolution
		Debug|Any CPU = Debug|Any CPU
		Release|Any CPU = Release|Any CPU
	EndGlobalSection
	GlobalSection(ProjectConfigurationPlatforms) = postSolution
		{3CEF83E0-5F8E-4E93-A971-63CA0964BB3C}.Debug|Any CPU.ActiveCfg = Debug|Any CPU
		{3CEF83E0-5F8E-4E93-A971-63CA0964BB3C}.Debug|Any CPU.Build.0 = Debug|Any CPU
		{3CEF83E0-5F8E-4E93-A971-63CA0964BB3C}.Release|Any CPU.ActiveCfg = Release|Any CPU
		{3CEF83E0-5F8E-4E93-A971-63CA0964BB3C}.Release|Any CPU.Build.0 = Release|Any CPU
		{A1FDB84F-BE17-43C4-B413-66F8C3A0104F}.Debug|Any CPU.ActiveCfg = Debug|Any CPU
		{A1FDB84F-BE17-43C4-B413-66F8C3A0104F}.Debug|Any CPU.Build.0 = Debug|Any CPU
		{A1FDB84F-BE17-43C4-B413-66F8C3A0104F}.Release|Any CPU.ActiveCfg = Release|Any CPU
		{A1FDB84F-BE17-43C4-B413-66F8C3A0104F}.Release|Any CPU.Build.0 = Release|Any CPU
		{063333DF-C03E-4703-A858-92494D431450}.Debug|Any CPU.ActiveCfg = Debug|Any CPU
		{063333DF-C03E-4703-A858-92494D431450}.Debug|Any CPU.Build.0 = Debug|Any CPU
		{063333DF-C03E-4703-A858-92494D431450}.Release|Any CPU.ActiveCfg = Release|Any CPU
		{063333DF-C03E-4703-A858-92494D431450}.Release|Any CPU.Build.0 = Release|Any CPU
		{8B2FE372-E9E9-4550-B0AA-008109BB1D1C}.Debug|Any CPU.ActiveCfg = Debug|Any CPU
		{8B2FE372-E9E9-4550-B0AA-008109BB1D1C}.Debug|Any CPU.Build.0 = Debug|Any CPU
		{8B2FE372-E9E9-4550-B0AA-008109BB1D1C}.Release|Any CPU.ActiveCfg = Release|Any CPU
		{8B2FE372-E9E9-4550-B0AA-008109BB1D1C}.Release|Any CPU.Build.0 = Release|Any CPU
		{11EEA217-1B2F-45DA-A7F6-A46BCF2D974E}.Debug|Any CPU.ActiveCfg = Debug|Any CPU
		{11EEA217-1B2F-45DA-A7F6-A46BCF2D974E}.Debug|Any CPU.Build.0 = Debug|Any CPU
		{11EEA217-1B2F-45DA-A7F6-A46BCF2D974E}.Release|Any CPU.ActiveCfg = Release|Any CPU
		{11EEA217-1B2F-45DA-A7F6-A46BCF2D974E}.Release|Any CPU.Build.0 = Release|Any CPU
	EndGlobalSection
	GlobalSection(SolutionProperties) = preSolution
		HideSolutionNode = FALSE
	EndGlobalSection
	GlobalSection(ExtensibilityGlobals) = postSolution
		SolutionGuid = {63033293-524F-4D6C-8DA6-D4FD38E47BC5}
	EndGlobalSection
EndGlobal
